
Microsoft Visual Studio Solution File, Format Version 12.00
# Visual Studio 15
VisualStudioVersion = 15.0.26124.0
MinimumVisualStudioVersion = 15.0.26124.0
Project("{2150E333-8FDC-42A3-9474-1A3956D46DE8}") = "src", "src", "{FEC3EE16-685F-43CF-83C5-D7352CE8FE79}"
EndProject
Project("{FAE04EC0-301F-11D3-BF4B-00C04F79EFBC}") = "PalTracker", "src\PalTracker\PalTracker.csproj", "{F6AE49A2-7B95-4696-83B6-11C468484E15}"
EndProject
Project("{2150E333-8FDC-42A3-9474-1A3956D46DE8}") = "test", "test", "{44F5F6C3-7D44-449B-B951-BA7D557278B4}"
EndProject
Project("{FAE04EC0-301F-11D3-BF4B-00C04F79EFBC}") = "PalTrackerTests", "test\PalTrackerTests\PalTrackerTests.csproj", "{E2A7DE7A-4372-4F7E-BAA3-250173DBAA59}"
EndProject
Global
	GlobalSection(SolutionConfigurationPlatforms) = preSolution
		Debug|Any CPU = Debug|Any CPU
		Debug|x64 = Debug|x64
		Debug|x86 = Debug|x86
		Release|Any CPU = Release|Any CPU
		Release|x64 = Release|x64
		Release|x86 = Release|x86
	EndGlobalSection
	GlobalSection(SolutionProperties) = preSolution
		HideSolutionNode = FALSE
	EndGlobalSection
	GlobalSection(ProjectConfigurationPlatforms) = postSolution
		{F6AE49A2-7B95-4696-83B6-11C468484E15}.Debug|Any CPU.ActiveCfg = Debug|Any CPU
		{F6AE49A2-7B95-4696-83B6-11C468484E15}.Debug|Any CPU.Build.0 = Debug|Any CPU
		{F6AE49A2-7B95-4696-83B6-11C468484E15}.Debug|x64.ActiveCfg = Debug|Any CPU
		{F6AE49A2-7B95-4696-83B6-11C468484E15}.Debug|x64.Build.0 = Debug|Any CPU
		{F6AE49A2-7B95-4696-83B6-11C468484E15}.Debug|x86.ActiveCfg = Debug|Any CPU
		{F6AE49A2-7B95-4696-83B6-11C468484E15}.Debug|x86.Build.0 = Debug|Any CPU
		{F6AE49A2-7B95-4696-83B6-11C468484E15}.Release|Any CPU.ActiveCfg = Release|Any CPU
		{F6AE49A2-7B95-4696-83B6-11C468484E15}.Release|Any CPU.Build.0 = Release|Any CPU
		{F6AE49A2-7B95-4696-83B6-11C468484E15}.Release|x64.ActiveCfg = Release|Any CPU
		{F6AE49A2-7B95-4696-83B6-11C468484E15}.Release|x64.Build.0 = Release|Any CPU
		{F6AE49A2-7B95-4696-83B6-11C468484E15}.Release|x86.ActiveCfg = Release|Any CPU
		{F6AE49A2-7B95-4696-83B6-11C468484E15}.Release|x86.Build.0 = Release|Any CPU
		{E2A7DE7A-4372-4F7E-BAA3-250173DBAA59}.Debug|Any CPU.ActiveCfg = Debug|Any CPU
		{E2A7DE7A-4372-4F7E-BAA3-250173DBAA59}.Debug|Any CPU.Build.0 = Debug|Any CPU
		{E2A7DE7A-4372-4F7E-BAA3-250173DBAA59}.Debug|x64.ActiveCfg = Debug|Any CPU
		{E2A7DE7A-4372-4F7E-BAA3-250173DBAA59}.Debug|x64.Build.0 = Debug|Any CPU
		{E2A7DE7A-4372-4F7E-BAA3-250173DBAA59}.Debug|x86.ActiveCfg = Debug|Any CPU
		{E2A7DE7A-4372-4F7E-BAA3-250173DBAA59}.Debug|x86.Build.0 = Debug|Any CPU
		{E2A7DE7A-4372-4F7E-BAA3-250173DBAA59}.Release|Any CPU.ActiveCfg = Release|Any CPU
		{E2A7DE7A-4372-4F7E-BAA3-250173DBAA59}.Release|Any CPU.Build.0 = Release|Any CPU
		{E2A7DE7A-4372-4F7E-BAA3-250173DBAA59}.Release|x64.ActiveCfg = Release|Any CPU
		{E2A7DE7A-4372-4F7E-BAA3-250173DBAA59}.Release|x64.Build.0 = Release|Any CPU
		{E2A7DE7A-4372-4F7E-BAA3-250173DBAA59}.Release|x86.ActiveCfg = Release|Any CPU
		{E2A7DE7A-4372-4F7E-BAA3-250173DBAA59}.Release|x86.Build.0 = Release|Any CPU
	EndGlobalSection
	GlobalSection(NestedProjects) = preSolution
		{F6AE49A2-7B95-4696-83B6-11C468484E15} = {FEC3EE16-685F-43CF-83C5-D7352CE8FE79}
		{E2A7DE7A-4372-4F7E-BAA3-250173DBAA59} = {44F5F6C3-7D44-449B-B951-BA7D557278B4}
	EndGlobalSection
EndGlobal
